{
  "name": "clarinet",
  "lockfileVersion": 3,
  "requires": true,
  "packages": {
    "node_modules/@hirosystems/clarinet-sdk-wasm": {
      "version": "1.0.0",
      "resolved": "https://registry.npmjs.org/@hirosystems/clarinet-sdk-wasm/-/clarinet-sdk-wasm-1.0.0.tgz",
      "integrity": "sha512-axDe2iSSnxwbQT8FzJZ6U1jivKpQduHhq2wjMs6y0eX6gkbR19xDa0V/fMoaGb1ke6D1R5Hex7oTO+UJST+lUw=="
    }
  }
}
